
Microsoft Visual Studio Solution File, Format Version 12.00
# Visual Studio Version 16
VisualStudioVersion = 16.0.29306.81
MinimumVisualStudioVersion = 10.0.40219.1
Project("{FAE04EC0-301F-11D3-BF4B-00C04F79EFBC}") = "USF4 Stage Tool", "USF4 Stage Tool\USF4 Stage Tool.csproj", "{5DA79952-A867-4365-9524-A42F22D08F39}"
EndProject
Global
	GlobalSection(SolutionConfigurationPlatforms) = preSolution
		Debug|Any CPU = Debug|Any CPU
		Release|Any CPU = Release|Any CPU
	EndGlobalSection
	GlobalSection(ProjectConfigurationPlatforms) = postSolution
		{5DA79952-A867-4365-9524-A42F22D08F39}.Debug|Any CPU.ActiveCfg = Debug|Any CPU
		{5DA79952-A867-4365-9524-A42F22D08F39}.Debug|Any CPU.Build.0 = Debug|Any CPU
		{5DA79952-A867-4365-9524-A42F22D08F39}.Release|Any CPU.ActiveCfg = Release|Any CPU
		{5DA79952-A867-4365-9524-A42F22D08F39}.Release|Any CPU.Build.0 = Release|Any CPU
	EndGlobalSection
	GlobalSection(SolutionProperties) = preSolution
		HideSolutionNode = FALSE
	EndGlobalSection
	GlobalSection(ExtensibilityGlobals) = postSolution
		SolutionGuid = {2B84A865-525D-481E-9841-0761AAD02DED}
	EndGlobalSection
EndGlobal
